
Microsoft Visual Studio Solution File, Format Version 12.00
# Visual Studio Version 16
VisualStudioVersion = 16.0.29324.140
MinimumVisualStudioVersion = 10.0.40219.1
Project("{9A19103F-16F7-4668-BE54-9A1E7A4F7556}") = "WebApiWithPipeLine", "WebApiWithPipeLine.csproj", "{991A3BFC-CD29-4B6C-93E1-C6319CE7CAD2}"
EndProject
Project("{9A19103F-16F7-4668-BE54-9A1E7A4F7556}") = "PipeLine.Domain", "..\PipeLine.Domain\PipeLine.Domain.csproj", "{86B26061-A645-4C0F-B54B-78A699C9389F}"
EndProject
Project("{9A19103F-16F7-4668-BE54-9A1E7A4F7556}") = "PipeLine.Interfaces", "..\PipeLine.Interfaces\PipeLine.Interfaces.csproj", "{0670DC4F-6F25-4B75-9C2D-24D58BD6D708}"
EndProject
Project("{9A19103F-16F7-4668-BE54-9A1E7A4F7556}") = "PipeLine.Models", "..\PipeLine.Models\PipeLine.Models.csproj", "{D6D747B1-25B2-4248-BCB1-E7143D300EB3}"
EndProject
Project("{9A19103F-16F7-4668-BE54-9A1E7A4F7556}") = "PipeLine.StandardPipeLine", "..\PipeLine.StandardPipeLine\PipeLine.StandardPipeLine.csproj", "{1D588312-DCBB-43D0-A20A-6907292496F0}"
EndProject
Project("{FAE04EC0-301F-11D3-BF4B-00C04F79EFBC}") = "PipeLine.AddInfoToFile.Models", "..\PipeLine.AddInfoToFile.Models\PipeLine.AddInfoToFile.Models.csproj", "{AB72DD8D-20EC-42AC-BBA8-89CABA8A139B}"
EndProject
Project("{FAE04EC0-301F-11D3-BF4B-00C04F79EFBC}") = "PipeLine.AddInfoToFile.Interfaces", "..\PipeLine.AddInfoToFile.Interfaces\PipeLine.AddInfoToFile.Interfaces.csproj", "{30D64420-9357-403B-AE03-F158957A005A}"
EndProject
Project("{FAE04EC0-301F-11D3-BF4B-00C04F79EFBC}") = "PipeLine.AddInfoToFile.Steps", "..\PipeLine.AddInfoToFile.Steps\PipeLine.AddInfoToFile.Steps.csproj", "{C6041E6A-B123-4ECD-8A22-CB27BD446CA6}"
EndProject
Project("{FAE04EC0-301F-11D3-BF4B-00C04F79EFBC}") = "PipeLine.AddInfoToFile.Adapters", "..\PipeLine.AddInfoToFile.Adapters\PipeLine.AddInfoToFile.Adapters.csproj", "{67190CAF-3DAE-4BED-9A6D-4A77EDC034DE}"
EndProject
Project("{2150E333-8FDC-42A3-9474-1A3956D46DE8}") = "PipeLines", "PipeLines", "{E713C1EE-86BC-4971-95F7-5CC713BADF3C}"
EndProject
Project("{2150E333-8FDC-42A3-9474-1A3956D46DE8}") = "WebApi", "WebApi", "{ED0079E2-3717-4E7C-8ACC-249FEA67774F}"
EndProject
Project("{2150E333-8FDC-42A3-9474-1A3956D46DE8}") = "Domain", "Domain", "{4F441E68-4E14-40B1-AB2D-6278F115AFCC}"
EndProject
Project("{2150E333-8FDC-42A3-9474-1A3956D46DE8}") = "AddInfoToFile", "AddInfoToFile", "{0CF97777-4B49-4F5C-9851-5FA3EADC4646}"
EndProject
Global
	GlobalSection(SolutionConfigurationPlatforms) = preSolution
		Debug|Any CPU = Debug|Any CPU
		Release|Any CPU = Release|Any CPU
	EndGlobalSection
	GlobalSection(ProjectConfigurationPlatforms) = postSolution
		{991A3BFC-CD29-4B6C-93E1-C6319CE7CAD2}.Debug|Any CPU.ActiveCfg = Debug|Any CPU
		{991A3BFC-CD29-4B6C-93E1-C6319CE7CAD2}.Debug|Any CPU.Build.0 = Debug|Any CPU
		{991A3BFC-CD29-4B6C-93E1-C6319CE7CAD2}.Release|Any CPU.ActiveCfg = Release|Any CPU
		{991A3BFC-CD29-4B6C-93E1-C6319CE7CAD2}.Release|Any CPU.Build.0 = Release|Any CPU
		{86B26061-A645-4C0F-B54B-78A699C9389F}.Debug|Any CPU.ActiveCfg = Debug|Any CPU
		{86B26061-A645-4C0F-B54B-78A699C9389F}.Debug|Any CPU.Build.0 = Debug|Any CPU
		{86B26061-A645-4C0F-B54B-78A699C9389F}.Release|Any CPU.ActiveCfg = Release|Any CPU
		{86B26061-A645-4C0F-B54B-78A699C9389F}.Release|Any CPU.Build.0 = Release|Any CPU
		{0670DC4F-6F25-4B75-9C2D-24D58BD6D708}.Debug|Any CPU.ActiveCfg = Debug|Any CPU
		{0670DC4F-6F25-4B75-9C2D-24D58BD6D708}.Debug|Any CPU.Build.0 = Debug|Any CPU
		{0670DC4F-6F25-4B75-9C2D-24D58BD6D708}.Release|Any CPU.ActiveCfg = Release|Any CPU
		{0670DC4F-6F25-4B75-9C2D-24D58BD6D708}.Release|Any CPU.Build.0 = Release|Any CPU
		{D6D747B1-25B2-4248-BCB1-E7143D300EB3}.Debug|Any CPU.ActiveCfg = Debug|Any CPU
		{D6D747B1-25B2-4248-BCB1-E7143D300EB3}.Debug|Any CPU.Build.0 = Debug|Any CPU
		{D6D747B1-25B2-4248-BCB1-E7143D300EB3}.Release|Any CPU.ActiveCfg = Release|Any CPU
		{D6D747B1-25B2-4248-BCB1-E7143D300EB3}.Release|Any CPU.Build.0 = Release|Any CPU
		{1D588312-DCBB-43D0-A20A-6907292496F0}.Debug|Any CPU.ActiveCfg = Debug|Any CPU
		{1D588312-DCBB-43D0-A20A-6907292496F0}.Debug|Any CPU.Build.0 = Debug|Any CPU
		{1D588312-DCBB-43D0-A20A-6907292496F0}.Release|Any CPU.ActiveCfg = Release|Any CPU
		{1D588312-DCBB-43D0-A20A-6907292496F0}.Release|Any CPU.Build.0 = Release|Any CPU
		{AB72DD8D-20EC-42AC-BBA8-89CABA8A139B}.Debug|Any CPU.ActiveCfg = Debug|Any CPU
		{AB72DD8D-20EC-42AC-BBA8-89CABA8A139B}.Debug|Any CPU.Build.0 = Debug|Any CPU
		{AB72DD8D-20EC-42AC-BBA8-89CABA8A139B}.Release|Any CPU.ActiveCfg = Release|Any CPU
		{AB72DD8D-20EC-42AC-BBA8-89CABA8A139B}.Release|Any CPU.Build.0 = Release|Any CPU
		{30D64420-9357-403B-AE03-F158957A005A}.Debug|Any CPU.ActiveCfg = Debug|Any CPU
		{30D64420-9357-403B-AE03-F158957A005A}.Debug|Any CPU.Build.0 = Debug|Any CPU
		{30D64420-9357-403B-AE03-F158957A005A}.Release|Any CPU.ActiveCfg = Release|Any CPU
		{30D64420-9357-403B-AE03-F158957A005A}.Release|Any CPU.Build.0 = Release|Any CPU
		{C6041E6A-B123-4ECD-8A22-CB27BD446CA6}.Debug|Any CPU.ActiveCfg = Debug|Any CPU
		{C6041E6A-B123-4ECD-8A22-CB27BD446CA6}.Debug|Any CPU.Build.0 = Debug|Any CPU
		{C6041E6A-B123-4ECD-8A22-CB27BD446CA6}.Release|Any CPU.ActiveCfg = Release|Any CPU
		{C6041E6A-B123-4ECD-8A22-CB27BD446CA6}.Release|Any CPU.Build.0 = Release|Any CPU
		{67190CAF-3DAE-4BED-9A6D-4A77EDC034DE}.Debug|Any CPU.ActiveCfg = Debug|Any CPU
		{67190CAF-3DAE-4BED-9A6D-4A77EDC034DE}.Debug|Any CPU.Build.0 = Debug|Any CPU
		{67190CAF-3DAE-4BED-9A6D-4A77EDC034DE}.Release|Any CPU.ActiveCfg = Release|Any CPU
		{67190CAF-3DAE-4BED-9A6D-4A77EDC034DE}.Release|Any CPU.Build.0 = Release|Any CPU
	EndGlobalSection
	GlobalSection(SolutionProperties) = preSolution
		HideSolutionNode = FALSE
	EndGlobalSection
	GlobalSection(NestedProjects) = preSolution
		{991A3BFC-CD29-4B6C-93E1-C6319CE7CAD2} = {ED0079E2-3717-4E7C-8ACC-249FEA67774F}
		{86B26061-A645-4C0F-B54B-78A699C9389F} = {4F441E68-4E14-40B1-AB2D-6278F115AFCC}
		{0670DC4F-6F25-4B75-9C2D-24D58BD6D708} = {ED0079E2-3717-4E7C-8ACC-249FEA67774F}
		{D6D747B1-25B2-4248-BCB1-E7143D300EB3} = {ED0079E2-3717-4E7C-8ACC-249FEA67774F}
		{1D588312-DCBB-43D0-A20A-6907292496F0} = {E713C1EE-86BC-4971-95F7-5CC713BADF3C}
		{AB72DD8D-20EC-42AC-BBA8-89CABA8A139B} = {0CF97777-4B49-4F5C-9851-5FA3EADC4646}
		{30D64420-9357-403B-AE03-F158957A005A} = {0CF97777-4B49-4F5C-9851-5FA3EADC4646}
		{C6041E6A-B123-4ECD-8A22-CB27BD446CA6} = {0CF97777-4B49-4F5C-9851-5FA3EADC4646}
		{67190CAF-3DAE-4BED-9A6D-4A77EDC034DE} = {0CF97777-4B49-4F5C-9851-5FA3EADC4646}
	EndGlobalSection
	GlobalSection(ExtensibilityGlobals) = postSolution
		SolutionGuid = {6D5B622F-45AB-4B13-8D84-A44133EFB376}
	EndGlobalSection
EndGlobal
